// !$*UTF8*$!
{
	archiveVersion = 1;
	classes = {
	};
	objectVersion = 48;
	objects = {

/* Begin PBXBuildFile section */
		25A4B3A73F923CE4B85A8319 /* libPods-MusicHub.a in Frameworks */ = {isa = PBXBuildFile; fileRef = C51BA28A48A29DF94B795AEF /* libPods-MusicHub.a */; };
		E76DA0992067F8500077313D /* data.json in Resources */ = {isa = PBXBuildFile; fileRef = E76DA0982067F8500077313D /* data.json */; };
		E76DA0A120680BAF0077313D /* Main.storyboard in Resources */ = {isa = PBXBuildFile; fileRef = E76DA09F20680BAF0077313D /* Main.storyboard */; };
		E76DA0A920680FAC0077313D /* Assets.xcassets in Resources */ = {isa = PBXBuildFile; fileRef = E76DA0A820680FAC0077313D /* Assets.xcassets */; };
		E76DA0B02068107F0077313D /* icon-04_25x25.png in Resources */ = {isa = PBXBuildFile; fileRef = E76DA0AA2068107F0077313D /* icon-04_25x25.png */; };
		E76DA0B12068107F0077313D /* icon-02_25x25.png in Resources */ = {isa = PBXBuildFile; fileRef = E76DA0AB2068107F0077313D /* icon-02_25x25.png */; };
		E76DA0B22068107F0077313D /* icon-01_25x25.png in Resources */ = {isa = PBXBuildFile; fileRef = E76DA0AC2068107F0077313D /* icon-01_25x25.png */; };
		E76DA0B32068107F0077313D /* icon-03_25x25.png in Resources */ = {isa = PBXBuildFile; fileRef = E76DA0AD2068107F0077313D /* icon-03_25x25.png */; };
		E76DA0B42068107F0077313D /* icon-05_25x25.png in Resources */ = {isa = PBXBuildFile; fileRef = E76DA0AE2068107F0077313D /* icon-05_25x25.png */; };
		E76DA0B52068107F0077313D /* icon-06_25x25.png in Resources */ = {isa = PBXBuildFile; fileRef = E76DA0AF2068107F0077313D /* icon-06_25x25.png */; };
		E7D7566B2067ED2C00AF7694 /* AppDelegate.m in Sources */ = {isa = PBXBuildFile; fileRef = E7D7566A2067ED2C00AF7694 /* AppDelegate.m */; };
		E7D756762067ED2C00AF7694 /* LaunchScreen.storyboard in Resources */ = {isa = PBXBuildFile; fileRef = E7D756742067ED2C00AF7694 /* LaunchScreen.storyboard */; };
		E7D756792067ED2C00AF7694 /* main.m in Sources */ = {isa = PBXBuildFile; fileRef = E7D756782067ED2C00AF7694 /* main.m */; };
		E7D756812067EE0D00AF7694 /* NetworkController.m in Sources */ = {isa = PBXBuildFile; fileRef = E7D756802067EE0D00AF7694 /* NetworkController.m */; };
		E7D756852067EE9C00AF7694 /* SpeechToTextViewController.m in Sources */ = {isa = PBXBuildFile; fileRef = E7D756842067EE9C00AF7694 /* SpeechToTextViewController.m */; };
		E7D7568B2067EEFC00AF7694 /* LibraryViewController.m in Sources */ = {isa = PBXBuildFile; fileRef = E7D7568A2067EEFC00AF7694 /* LibraryViewController.m */; };
		E7D7568E2067EF1000AF7694 /* RecentlyListenedViewController.m in Sources */ = {isa = PBXBuildFile; fileRef = E7D7568D2067EF1000AF7694 /* RecentlyListenedViewController.m */; };
		E7D756912067EF3200AF7694 /* YouTubeViewController.m in Sources */ = {isa = PBXBuildFile; fileRef = E7D756902067EF3200AF7694 /* YouTubeViewController.m */; };
		E7D756942067EF7300AF7694 /* Speech.framework in Frameworks */ = {isa = PBXBuildFile; fileRef = E7D756932067EF7300AF7694 /* Speech.framework */; };
/* End PBXBuildFile section */

/* Begin PBXFileReference section */
		623319649A3533554172868F /* Pods-MusicHub.debug.xcconfig */ = {isa = PBXFileReference; includeInIndex = 1; lastKnownFileType = text.xcconfig; name = "Pods-MusicHub.debug.xcconfig"; path = "Pods/Target Support Files/Pods-MusicHub/Pods-MusicHub.debug.xcconfig"; sourceTree = "<group>"; };
		9C783E2ABD1E4F70794A5506 /* Pods-MusicHub.release.xcconfig */ = {isa = PBXFileReference; includeInIndex = 1; lastKnownFileType = text.xcconfig; name = "Pods-MusicHub.release.xcconfig"; path = "Pods/Target Support Files/Pods-MusicHub/Pods-MusicHub.release.xcconfig"; sourceTree = "<group>"; };
		C51BA28A48A29DF94B795AEF /* libPods-MusicHub.a */ = {isa = PBXFileReference; explicitFileType = archive.ar; includeInIndex = 0; path = "libPods-MusicHub.a"; sourceTree = BUILT_PRODUCTS_DIR; };
		E76DA0982067F8500077313D /* data.json */ = {isa = PBXFileReference; fileEncoding = 4; lastKnownFileType = text.json; name = data.json; path = "../../../Downloads/musichub ui/animation/data.json"; sourceTree = "<group>"; };
		E76DA0A020680BAF0077313D /* Base */ = {isa = PBXFileReference; lastKnownFileType = file.storyboard; name = Base; path = Base.lproj/Main.storyboard; sourceTree = "<group>"; };
		E76DA0A820680FAC0077313D /* Assets.xcassets */ = {isa = PBXFileReference; lastKnownFileType = folder.assetcatalog; name = Assets.xcassets; path = MusicHub/Assets.xcassets; sourceTree = "<group>"; };
		E76DA0AA2068107F0077313D /* icon-04_25x25.png */ = {isa = PBXFileReference; lastKnownFileType = image.png; name = "icon-04_25x25.png"; path = "../../../../Downloads/icon-04_25x25.png"; sourceTree = "<group>"; };
		E76DA0AB2068107F0077313D /* icon-02_25x25.png */ = {isa = PBXFileReference; lastKnownFileType = image.png; name = "icon-02_25x25.png"; path = "../../../../Downloads/icon-02_25x25.png"; sourceTree = "<group>"; };
		E76DA0AC2068107F0077313D /* icon-01_25x25.png */ = {isa = PBXFileReference; lastKnownFileType = image.png; name = "icon-01_25x25.png"; path = "../../../../Downloads/icon-01_25x25.png"; sourceTree = "<group>"; };
		E76DA0AD2068107F0077313D /* icon-03_25x25.png */ = {isa = PBXFileReference; lastKnownFileType = image.png; name = "icon-03_25x25.png"; path = "../../../../Downloads/icon-03_25x25.png"; sourceTree = "<group>"; };
		E76DA0AE2068107F0077313D /* icon-05_25x25.png */ = {isa = PBXFileReference; lastKnownFileType = image.png; name = "icon-05_25x25.png"; path = "../../../../Downloads/icon-05_25x25.png"; sourceTree = "<group>"; };
		E76DA0AF2068107F0077313D /* icon-06_25x25.png */ = {isa = PBXFileReference; lastKnownFileType = image.png; name = "icon-06_25x25.png"; path = "../../../../Downloads/icon-06_25x25.png"; sourceTree = "<group>"; };
		E7D756662067ED2C00AF7694 /* MusicHub.app */ = {isa = PBXFileReference; explicitFileType = wrapper.application; includeInIndex = 0; path = MusicHub.app; sourceTree = BUILT_PRODUCTS_DIR; };
		E7D756692067ED2C00AF7694 /* AppDelegate.h */ = {isa = PBXFileReference; lastKnownFileType = sourcecode.c.h; path = AppDelegate.h; sourceTree = "<group>"; };
		E7D7566A2067ED2C00AF7694 /* AppDelegate.m */ = {isa = PBXFileReference; lastKnownFileType = sourcecode.c.objc; path = AppDelegate.m; sourceTree = "<group>"; };
		E7D756752067ED2C00AF7694 /* Base */ = {isa = PBXFileReference; lastKnownFileType = file.storyboard; name = Base; path = Base.lproj/LaunchScreen.storyboard; sourceTree = "<group>"; };
		E7D756772067ED2C00AF7694 /* Info.plist */ = {isa = PBXFileReference; lastKnownFileType = text.plist.xml; path = Info.plist; sourceTree = "<group>"; };
		E7D756782067ED2C00AF7694 /* main.m */ = {isa = PBXFileReference; lastKnownFileType = sourcecode.c.objc; path = main.m; sourceTree = "<group>"; };
		E7D7567F2067EE0D00AF7694 /* NetworkController.h */ = {isa = PBXFileReference; lastKnownFileType = sourcecode.c.h; path = NetworkController.h; sourceTree = "<group>"; };
		E7D756802067EE0D00AF7694 /* NetworkController.m */ = {isa = PBXFileReference; lastKnownFileType = sourcecode.c.objc; path = NetworkController.m; sourceTree = "<group>"; };
		E7D756832067EE9C00AF7694 /* SpeechToTextViewController.h */ = {isa = PBXFileReference; lastKnownFileType = sourcecode.c.h; path = SpeechToTextViewController.h; sourceTree = "<group>"; };
		E7D756842067EE9C00AF7694 /* SpeechToTextViewController.m */ = {isa = PBXFileReference; lastKnownFileType = sourcecode.c.objc; path = SpeechToTextViewController.m; sourceTree = "<group>"; };
		E7D756892067EEFC00AF7694 /* LibraryViewController.h */ = {isa = PBXFileReference; lastKnownFileType = sourcecode.c.h; path = LibraryViewController.h; sourceTree = "<group>"; };
		E7D7568A2067EEFC00AF7694 /* LibraryViewController.m */ = {isa = PBXFileReference; lastKnownFileType = sourcecode.c.objc; path = LibraryViewController.m; sourceTree = "<group>"; };
		E7D7568C2067EF1000AF7694 /* RecentlyListenedViewController.h */ = {isa = PBXFileReference; lastKnownFileType = sourcecode.c.h; path = RecentlyListenedViewController.h; sourceTree = "<group>"; };
		E7D7568D2067EF1000AF7694 /* RecentlyListenedViewController.m */ = {isa = PBXFileReference; lastKnownFileType = sourcecode.c.objc; path = RecentlyListenedViewController.m; sourceTree = "<group>"; };
		E7D7568F2067EF3200AF7694 /* YouTubeViewController.h */ = {isa = PBXFileReference; lastKnownFileType = sourcecode.c.h; path = YouTubeViewController.h; sourceTree = "<group>"; };
		E7D756902067EF3200AF7694 /* YouTubeViewController.m */ = {isa = PBXFileReference; lastKnownFileType = sourcecode.c.objc; path = YouTubeViewController.m; sourceTree = "<group>"; };
		E7D756932067EF7300AF7694 /* Speech.framework */ = {isa = PBXFileReference; lastKnownFileType = wrapper.framework; name = Speech.framework; path = System/Library/Frameworks/Speech.framework; sourceTree = SDKROOT; };
/* End PBXFileReference section */

/* Begin PBXFrameworksBuildPhase section */
		E7D756632067ED2C00AF7694 /* Frameworks */ = {
			isa = PBXFrameworksBuildPhase;
			buildActionMask = 2147483647;
			files = (
				E7D756942067EF7300AF7694 /* Speech.framework in Frameworks */,
				25A4B3A73F923CE4B85A8319 /* libPods-MusicHub.a in Frameworks */,
			);
			runOnlyForDeploymentPostprocessing = 0;
		};
/* End PBXFrameworksBuildPhase section */

/* Begin PBXGroup section */
		08749252268E8F48008FB42D /* Pods */ = {
			isa = PBXGroup;
			children = (
				E76DA0A820680FAC0077313D /* Assets.xcassets */,
				623319649A3533554172868F /* Pods-MusicHub.debug.xcconfig */,
				9C783E2ABD1E4F70794A5506 /* Pods-MusicHub.release.xcconfig */,
			);
			name = Pods;
			sourceTree = "<group>";
		};
		E76DA09A20680A510077313D /* Icons */ = {
			isa = PBXGroup;
			children = (
				E76DA0AC2068107F0077313D /* icon-01_25x25.png */,
				E76DA0AB2068107F0077313D /* icon-02_25x25.png */,
				E76DA0AD2068107F0077313D /* icon-03_25x25.png */,
				E76DA0AA2068107F0077313D /* icon-04_25x25.png */,
				E76DA0AE2068107F0077313D /* icon-05_25x25.png */,
				E76DA0AF2068107F0077313D /* icon-06_25x25.png */,
			);
			path = Icons;
			sourceTree = "<group>";
		};
		E7D7565D2067ED2C00AF7694 = {
			isa = PBXGroup;
			children = (
				E76DA09A20680A510077313D /* Icons */,
				E76DA0982067F8500077313D /* data.json */,
				E7D756682067ED2C00AF7694 /* MusicHub */,
				E7D756672067ED2C00AF7694 /* Products */,
				E7D756922067EF7200AF7694 /* Frameworks */,
				08749252268E8F48008FB42D /* Pods */,
			);
			sourceTree = "<group>";
		};
		E7D756672067ED2C00AF7694 /* Products */ = {
			isa = PBXGroup;
			children = (
				E7D756662067ED2C00AF7694 /* MusicHub.app */,
			);
			name = Products;
			sourceTree = "<group>";
		};
		E7D756682067ED2C00AF7694 /* MusicHub */ = {
			isa = PBXGroup;
			children = (
				E7D756692067ED2C00AF7694 /* AppDelegate.h */,
				E7D7566A2067ED2C00AF7694 /* AppDelegate.m */,
				E7D7567F2067EE0D00AF7694 /* NetworkController.h */,
				E7D756802067EE0D00AF7694 /* NetworkController.m */,
				E7D756822067EE7D00AF7694 /* Main UI classes */,
				E7D756742067ED2C00AF7694 /* LaunchScreen.storyboard */,
				E76DA09F20680BAF0077313D /* Main.storyboard */,
				E7D756772067ED2C00AF7694 /* Info.plist */,
				E7D756782067ED2C00AF7694 /* main.m */,
			);
			path = MusicHub;
			sourceTree = "<group>";
		};
		E7D756822067EE7D00AF7694 /* Main UI classes */ = {
			isa = PBXGroup;
			children = (
				E7D7568F2067EF3200AF7694 /* YouTubeViewController.h */,
				E7D756902067EF3200AF7694 /* YouTubeViewController.m */,
				E7D756832067EE9C00AF7694 /* SpeechToTextViewController.h */,
				E7D756842067EE9C00AF7694 /* SpeechToTextViewController.m */,
				E7D756892067EEFC00AF7694 /* LibraryViewController.h */,
				E7D7568A2067EEFC00AF7694 /* LibraryViewController.m */,
				E7D7568C2067EF1000AF7694 /* RecentlyListenedViewController.h */,
				E7D7568D2067EF1000AF7694 /* RecentlyListenedViewController.m */,
			);
			path = "Main UI classes";
			sourceTree = "<group>";
		};
		E7D756922067EF7200AF7694 /* Frameworks */ = {
			isa = PBXGroup;
			children = (
				E7D756932067EF7300AF7694 /* Speech.framework */,
				C51BA28A48A29DF94B795AEF /* libPods-MusicHub.a */,
			);
			name = Frameworks;
			sourceTree = "<group>";
		};
/* End PBXGroup section */

/* Begin PBXNativeTarget section */
		E7D756652067ED2C00AF7694 /* MusicHub */ = {
			isa = PBXNativeTarget;
			buildConfigurationList = E7D7567C2067ED2C00AF7694 /* Build configuration list for PBXNativeTarget "MusicHub" */;
			buildPhases = (
				8AD5803E48CE0B06E95C50A5 /* [CP] Check Pods Manifest.lock */,
				E7D756622067ED2C00AF7694 /* Sources */,
				E7D756632067ED2C00AF7694 /* Frameworks */,
				E7D756642067ED2C00AF7694 /* Resources */,
				81636B0FB8FF56A169CB6903 /* [CP] Embed Pods Frameworks */,
				5F04D6A75254E508C1DDC8DA /* [CP] Copy Pods Resources */,
			);
			buildRules = (
			);
			dependencies = (
			);
			name = MusicHub;
			productName = MusicHub;
			productReference = E7D756662067ED2C00AF7694 /* MusicHub.app */;
			productType = "com.apple.product-type.application";
		};
/* End PBXNativeTarget section */

/* Begin PBXProject section */
		E7D7565E2067ED2C00AF7694 /* Project object */ = {
			isa = PBXProject;
			attributes = {
				LastUpgradeCheck = 0920;
				ORGANIZATIONNAME = "Razmik Karapetyan";
				TargetAttributes = {
					E7D756652067ED2C00AF7694 = {
						CreatedOnToolsVersion = 9.2;
						ProvisioningStyle = Automatic;
					};
				};
			};
			buildConfigurationList = E7D756612067ED2C00AF7694 /* Build configuration list for PBXProject "MusicHub" */;
			compatibilityVersion = "Xcode 8.0";
			developmentRegion = en;
			hasScannedForEncodings = 0;
			knownRegions = (
				en,
				Base,
			);
			mainGroup = E7D7565D2067ED2C00AF7694;
			productRefGroup = E7D756672067ED2C00AF7694 /* Products */;
			projectDirPath = "";
			projectRoot = "";
			targets = (
				E7D756652067ED2C00AF7694 /* MusicHub */,
			);
		};
/* End PBXProject section */

/* Begin PBXResourcesBuildPhase section */
		E7D756642067ED2C00AF7694 /* Resources */ = {
			isa = PBXResourcesBuildPhase;
			buildActionMask = 2147483647;
			files = (
				E76DA0B42068107F0077313D /* icon-05_25x25.png in Resources */,
				E76DA0B22068107F0077313D /* icon-01_25x25.png in Resources */,
				E7D756762067ED2C00AF7694 /* LaunchScreen.storyboard in Resources */,
				E76DA0B12068107F0077313D /* icon-02_25x25.png in Resources */,
				E76DA0B52068107F0077313D /* icon-06_25x25.png in Resources */,
				E76DA0992067F8500077313D /* data.json in Resources */,
				E76DA0B02068107F0077313D /* icon-04_25x25.png in Resources */,
				E76DA0B32068107F0077313D /* icon-03_25x25.png in Resources */,
				E76DA0A120680BAF0077313D /* Main.storyboard in Resources */,
				E76DA0A920680FAC0077313D /* Assets.xcassets in Resources */,
			);
			runOnlyForDeploymentPostprocessing = 0;
		};
/* End PBXResourcesBuildPhase section */

/* Begin PBXShellScriptBuildPhase section */
		5F04D6A75254E508C1DDC8DA /* [CP] Copy Pods Resources */ = {
			isa = PBXShellScriptBuildPhase;
			buildActionMask = 2147483647;
			files = (
			);
			inputPaths = (
				"${SRCROOT}/Pods/Target Support Files/Pods-MusicHub/Pods-MusicHub-resources.sh",
				"${PODS_ROOT}/youtube-ios-player-helper/youtube-ios-player-helper/Assets.bundle",
			);
			name = "[CP] Copy Pods Resources";
			outputPaths = (
				"${TARGET_BUILD_DIR}/${UNLOCALIZED_RESOURCES_FOLDER_PATH}/Assets.bundle",
			);
			runOnlyForDeploymentPostprocessing = 0;
			shellPath = /bin/sh;
			shellScript = "\"${SRCROOT}/Pods/Target Support Files/Pods-MusicHub/Pods-MusicHub-resources.sh\"\n";
			showEnvVarsInLog = 0;
		};
		81636B0FB8FF56A169CB6903 /* [CP] Embed Pods Frameworks */ = {
			isa = PBXShellScriptBuildPhase;
			buildActionMask = 2147483647;
			files = (
			);
			inputPaths = (
			);
			name = "[CP] Embed Pods Frameworks";
			outputPaths = (
			);
			runOnlyForDeploymentPostprocessing = 0;
			shellPath = /bin/sh;
			shellScript = "\"${SRCROOT}/Pods/Target Support Files/Pods-MusicHub/Pods-MusicHub-frameworks.sh\"\n";
			showEnvVarsInLog = 0;
		};
		8AD5803E48CE0B06E95C50A5 /* [CP] Check Pods Manifest.lock */ = {
			isa = PBXShellScriptBuildPhase;
			buildActionMask = 2147483647;
			files = (
			);
			inputPaths = (
				"${PODS_PODFILE_DIR_PATH}/Podfile.lock",
				"${PODS_ROOT}/Manifest.lock",
			);
			name = "[CP] Check Pods Manifest.lock";
			outputPaths = (
				"$(DERIVED_FILE_DIR)/Pods-MusicHub-checkManifestLockResult.txt",
			);
			runOnlyForDeploymentPostprocessing = 0;
			shellPath = /bin/sh;
			shellScript = "diff \"${PODS_PODFILE_DIR_PATH}/Podfile.lock\" \"${PODS_ROOT}/Manifest.lock\" > /dev/null\nif [ $? != 0 ] ; then\n    # print error to STDERR\n    echo \"error: The sandbox is not in sync with the Podfile.lock. Run 'pod install' or update your CocoaPods installation.\" >&2\n    exit 1\nfi\n# This output is used by Xcode 'outputs' to avoid re-running this script phase.\necho \"SUCCESS\" > \"${SCRIPT_OUTPUT_FILE_0}\"\n";
			showEnvVarsInLog = 0;
		};
/* End PBXShellScriptBuildPhase section */

/* Begin PBXSourcesBuildPhase section */
		E7D756622067ED2C00AF7694 /* Sources */ = {
			isa = PBXSourcesBuildPhase;
			buildActionMask = 2147483647;
			files = (
				E7D7568B2067EEFC00AF7694 /* LibraryViewController.m in Sources */,
				E7D756812067EE0D00AF7694 /* NetworkController.m in Sources */,
				E7D7568E2067EF1000AF7694 /* RecentlyListenedViewController.m in Sources */,
				E7D756852067EE9C00AF7694 /* SpeechToTextViewController.m in Sources */,
				E7D756792067ED2C00AF7694 /* main.m in Sources */,
				E7D756912067EF3200AF7694 /* YouTubeViewController.m in Sources */,
				E7D7566B2067ED2C00AF7694 /* AppDelegate.m in Sources */,
			);
			runOnlyForDeploymentPostprocessing = 0;
		};
/* End PBXSourcesBuildPhase section */

/* Begin PBXVariantGroup section */
		E76DA09F20680BAF0077313D /* Main.storyboard */ = {
			isa = PBXVariantGroup;
			children = (
				E76DA0A020680BAF0077313D /* Base */,
			);
			name = Main.storyboard;
			sourceTree = "<group>";
		};
		E7D756742067ED2C00AF7694 /* LaunchScreen.storyboard */ = {
			isa = PBXVariantGroup;
			children = (
				E7D756752067ED2C00AF7694 /* Base */,
			);
			name = LaunchScreen.storyboard;
			sourceTree = "<group>";
		};
/* End PBXVariantGroup section */

/* Begin XCBuildConfiguration section */
		E7D7567A2067ED2C00AF7694 /* Debug */ = {
			isa = XCBuildConfiguration;
			buildSettings = {
				ALWAYS_SEARCH_USER_PATHS = NO;
				CLANG_ANALYZER_NONNULL = YES;
				CLANG_ANALYZER_NUMBER_OBJECT_CONVERSION = YES_AGGRESSIVE;
				CLANG_CXX_LANGUAGE_STANDARD = "gnu++14";
				CLANG_CXX_LIBRARY = "libc++";
				CLANG_ENABLE_MODULES = YES;
				CLANG_ENABLE_OBJC_ARC = YES;
				CLANG_WARN_BLOCK_CAPTURE_AUTORELEASING = YES;
				CLANG_WARN_BOOL_CONVERSION = YES;
				CLANG_WARN_COMMA = YES;
				CLANG_WARN_CONSTANT_CONVERSION = YES;
				CLANG_WARN_DIRECT_OBJC_ISA_USAGE = YES_ERROR;
				CLANG_WARN_DOCUMENTATION_COMMENTS = YES;
				CLANG_WARN_EMPTY_BODY = YES;
				CLANG_WARN_ENUM_CONVERSION = YES;
				CLANG_WARN_INFINITE_RECURSION = YES;
				CLANG_WARN_INT_CONVERSION = YES;
				CLANG_WARN_NON_LITERAL_NULL_CONVERSION = YES;
				CLANG_WARN_OBJC_LITERAL_CONVERSION = YES;
				CLANG_WARN_OBJC_ROOT_CLASS = YES_ERROR;
				CLANG_WARN_RANGE_LOOP_ANALYSIS = YES;
				CLANG_WARN_STRICT_PROTOTYPES = YES;
				CLANG_WARN_SUSPICIOUS_MOVE = YES;
				CLANG_WARN_UNGUARDED_AVAILABILITY = YES_AGGRESSIVE;
				CLANG_WARN_UNREACHABLE_CODE = YES;
				CLANG_WARN__DUPLICATE_METHOD_MATCH = YES;
				CODE_SIGN_IDENTITY = "iPhone Developer";
				COPY_PHASE_STRIP = NO;
				DEBUG_INFORMATION_FORMAT = dwarf;
				ENABLE_STRICT_OBJC_MSGSEND = YES;
				ENABLE_TESTABILITY = YES;
				GCC_C_LANGUAGE_STANDARD = gnu11;
				GCC_DYNAMIC_NO_PIC = NO;
				GCC_NO_COMMON_BLOCKS = YES;
				GCC_OPTIMIZATION_LEVEL = 0;
				GCC_PREPROCESSOR_DEFINITIONS = (
					"DEBUG=1",
					"$(inherited)",
				);
				GCC_WARN_64_TO_32_BIT_CONVERSION = YES;
				GCC_WARN_ABOUT_RETURN_TYPE = YES_ERROR;
				GCC_WARN_UNDECLARED_SELECTOR = YES;
				GCC_WARN_UNINITIALIZED_AUTOS = YES_AGGRESSIVE;
				GCC_WARN_UNUSED_FUNCTION = YES;
				GCC_WARN_UNUSED_VARIABLE = YES;
				IPHONEOS_DEPLOYMENT_TARGET = 11.2;
				MTL_ENABLE_DEBUG_INFO = YES;
				ONLY_ACTIVE_ARCH = YES;
				SDKROOT = iphoneos;
			};
			name = Debug;
		};
		E7D7567B2067ED2C00AF7694 /* Release */ = {
			isa = XCBuildConfiguration;
			buildSettings = {
				ALWAYS_SEARCH_USER_PATHS = NO;
				CLANG_ANALYZER_NONNULL = YES;
				CLANG_ANALYZER_NUMBER_OBJECT_CONVERSION = YES_AGGRESSIVE;
				CLANG_CXX_LANGUAGE_STANDARD = "gnu++14";
				CLANG_CXX_LIBRARY = "libc++";
				CLANG_ENABLE_MODULES = YES;
				CLANG_ENABLE_OBJC_ARC = YES;
				CLANG_WARN_BLOCK_CAPTURE_AUTORELEASING = YES;
				CLANG_WARN_BOOL_CONVERSION = YES;
				CLANG_WARN_COMMA = YES;
				CLANG_WARN_CONSTANT_CONVERSION = YES;
				CLANG_WARN_DIRECT_OBJC_ISA_USAGE = YES_ERROR;
				CLANG_WARN_DOCUMENTATION_COMMENTS = YES;
				CLANG_WARN_EMPTY_BODY = YES;
				CLANG_WARN_ENUM_CONVERSION = YES;
				CLANG_WARN_INFINITE_RECURSION = YES;
				CLANG_WARN_INT_CONVERSION = YES;
				CLANG_WARN_NON_LITERAL_NULL_CONVERSION = YES;
				CLANG_WARN_OBJC_LITERAL_CONVERSION = YES;
				CLANG_WARN_OBJC_ROOT_CLASS = YES_ERROR;
				CLANG_WARN_RANGE_LOOP_ANALYSIS = YES;
				CLANG_WARN_STRICT_PROTOTYPES = YES;
				CLANG_WARN_SUSPICIOUS_MOVE = YES;
				CLANG_WARN_UNGUARDED_AVAILABILITY = YES_AGGRESSIVE;
				CLANG_WARN_UNREACHABLE_CODE = YES;
				CLANG_WARN__DUPLICATE_METHOD_MATCH = YES;
				CODE_SIGN_IDENTITY = "iPhone Developer";
				COPY_PHASE_STRIP = NO;
				DEBUG_INFORMATION_FORMAT = "dwarf-with-dsym";
				ENABLE_NS_ASSERTIONS = NO;
				ENABLE_STRICT_OBJC_MSGSEND = YES;
				GCC_C_LANGUAGE_STANDARD = gnu11;
				GCC_NO_COMMON_BLOCKS = YES;
				GCC_WARN_64_TO_32_BIT_CONVERSION = YES;
				GCC_WARN_ABOUT_RETURN_TYPE = YES_ERROR;
				GCC_WARN_UNDECLARED_SELECTOR = YES;
				GCC_WARN_UNINITIALIZED_AUTOS = YES_AGGRESSIVE;
				GCC_WARN_UNUSED_FUNCTION = YES;
				GCC_WARN_UNUSED_VARIABLE = YES;
				IPHONEOS_DEPLOYMENT_TARGET = 11.2;
				MTL_ENABLE_DEBUG_INFO = NO;
				SDKROOT = iphoneos;
				VALIDATE_PRODUCT = YES;
			};
			name = Release;
		};
		E7D7567D2067ED2C00AF7694 /* Debug */ = {
			isa = XCBuildConfiguration;
			baseConfigurationReference = 623319649A3533554172868F /* Pods-MusicHub.debug.xcconfig */;
			buildSettings = {
				ASSETCATALOG_COMPILER_APPICON_NAME = AppIcon;
				CODE_SIGN_STYLE = Automatic;
				DEVELOPMENT_TEAM = NZVKC8796C;
				INFOPLIST_FILE = MusicHub/Info.plist;
				LD_RUNPATH_SEARCH_PATHS = "$(inherited) @executable_path/Frameworks";
				PRODUCT_BUNDLE_IDENTIFIER = RZ.MusicHub;
				PRODUCT_NAME = "$(TARGET_NAME)";
				TARGETED_DEVICE_FAMILY = "1,2";
			};
			name = Debug;
		};
		E7D7567E2067ED2C00AF7694 /* Release */ = {
			isa = XCBuildConfiguration;
			baseConfigurationReference = 9C783E2ABD1E4F70794A5506 /* Pods-MusicHub.release.xcconfig */;
			buildSettings = {
				ASSETCATALOG_COMPILER_APPICON_NAME = AppIcon;
				CODE_SIGN_STYLE = Automatic;
				DEVELOPMENT_TEAM = NZVKC8796C;
				INFOPLIST_FILE = MusicHub/Info.plist;
				LD_RUNPATH_SEARCH_PATHS = "$(inherited) @executable_path/Frameworks";
				PRODUCT_BUNDLE_IDENTIFIER = RZ.MusicHub;
				PRODUCT_NAME = "$(TARGET_NAME)";
				TARGETED_DEVICE_FAMILY = "1,2";
			};
			name = Release;
		};
/* End XCBuildConfiguration section */

/* Begin XCConfigurationList section */
		E7D756612067ED2C00AF7694 /* Build configuration list for PBXProject "MusicHub" */ = {
			isa = XCConfigurationList;
			buildConfigurations = (
				E7D7567A2067ED2C00AF7694 /* Debug */,
				E7D7567B2067ED2C00AF7694 /* Release */,
			);
			defaultConfigurationIsVisible = 0;
			defaultConfigurationName = Release;
		};
		E7D7567C2067ED2C00AF7694 /* Build configuration list for PBXNativeTarget "MusicHub" */ = {
			isa = XCConfigurationList;
			buildConfigurations = (
				E7D7567D2067ED2C00AF7694 /* Debug */,
				E7D7567E2067ED2C00AF7694 /* Release */,
			);
			defaultConfigurationIsVisible = 0;
			defaultConfigurationName = Release;
		};
/* End XCConfigurationList section */
	};
	rootObject = E7D7565E2067ED2C00AF7694 /* Project object */;
}
